
Microsoft Visual Studio Solution File, Format Version 12.00
# Visual Studio Version 16
VisualStudioVersion = 16.0.30717.126
MinimumVisualStudioVersion = 10.0.40219.1
Project("{FAE04EC0-301F-11D3-BF4B-00C04F79EFBC}") = "Vector_Manipulation", "Vector_Manipulation\Vector_Manipulation.csproj", "{AE9BC946-EC49-4133-A144-FBE9FD8267C6}"
EndProject
Global
	GlobalSection(SolutionConfigurationPlatforms) = preSolution
		Debug|Any CPU = Debug|Any CPU
		Release|Any CPU = Release|Any CPU
	EndGlobalSection
	GlobalSection(ProjectConfigurationPlatforms) = postSolution
		{AE9BC946-EC49-4133-A144-FBE9FD8267C6}.Debug|Any CPU.ActiveCfg = Debug|Any CPU
		{AE9BC946-EC49-4133-A144-FBE9FD8267C6}.Debug|Any CPU.Build.0 = Debug|Any CPU
		{AE9BC946-EC49-4133-A144-FBE9FD8267C6}.Release|Any CPU.ActiveCfg = Release|Any CPU
		{AE9BC946-EC49-4133-A144-FBE9FD8267C6}.Release|Any CPU.Build.0 = Release|Any CPU
	EndGlobalSection
	GlobalSection(SolutionProperties) = preSolution
		HideSolutionNode = FALSE
	EndGlobalSection
	GlobalSection(ExtensibilityGlobals) = postSolution
		SolutionGuid = {13928C9C-E280-4F19-9C1A-ED2AB341C81F}
	EndGlobalSection
EndGlobal
