
Microsoft Visual Studio Solution File, Format Version 12.00
# Visual Studio Version 16
VisualStudioVersion = 16.0.30717.126
MinimumVisualStudioVersion = 10.0.40219.1
Project("{FAE04EC0-301F-11D3-BF4B-00C04F79EFBC}") = "Vector_SumAndProduct", "Vector_SumAndProduct\Vector_SumAndProduct.csproj", "{06F881E0-3661-4252-B177-D7B413017A02}"
EndProject
Global
	GlobalSection(SolutionConfigurationPlatforms) = preSolution
		Debug|Any CPU = Debug|Any CPU
		Release|Any CPU = Release|Any CPU
	EndGlobalSection
	GlobalSection(ProjectConfigurationPlatforms) = postSolution
		{06F881E0-3661-4252-B177-D7B413017A02}.Debug|Any CPU.ActiveCfg = Debug|Any CPU
		{06F881E0-3661-4252-B177-D7B413017A02}.Debug|Any CPU.Build.0 = Debug|Any CPU
		{06F881E0-3661-4252-B177-D7B413017A02}.Release|Any CPU.ActiveCfg = Release|Any CPU
		{06F881E0-3661-4252-B177-D7B413017A02}.Release|Any CPU.Build.0 = Release|Any CPU
	EndGlobalSection
	GlobalSection(SolutionProperties) = preSolution
		HideSolutionNode = FALSE
	EndGlobalSection
	GlobalSection(ExtensibilityGlobals) = postSolution
		SolutionGuid = {86E2414F-957B-4689-BF19-D2C48450F2AE}
	EndGlobalSection
EndGlobal
